
Microsoft Visual Studio Solution File, Format Version 12.00
# Visual Studio Version 17
VisualStudioVersion = 17.6.33829.357
MinimumVisualStudioVersion = 10.0.40219.1
Project("{9A19103F-16F7-4668-BE54-9A1E7A4F7556}") = "NuoNuoSdk", "NuoNuoSdk\NuoNuoSdk.csproj", "{98BDB16B-5F5A-4371-8684-A38AF0C8FB30}"
EndProject
Project("{FAE04EC0-301F-11D3-BF4B-00C04F79EFBC}") = "Sample", "Sample\Sample.csproj", "{E49D1B51-6EDD-47A5-A377-C3EA7D0238BE}"
EndProject
Global
	GlobalSection(SolutionConfigurationPlatforms) = preSolution
		Debug|Any CPU = Debug|Any CPU
		Release|Any CPU = Release|Any CPU
	EndGlobalSection
	GlobalSection(ProjectConfigurationPlatforms) = postSolution
		{98BDB16B-5F5A-4371-8684-A38AF0C8FB30}.Debug|Any CPU.ActiveCfg = Debug|Any CPU
		{98BDB16B-5F5A-4371-8684-A38AF0C8FB30}.Debug|Any CPU.Build.0 = Debug|Any CPU
		{98BDB16B-5F5A-4371-8684-A38AF0C8FB30}.Release|Any CPU.ActiveCfg = Release|Any CPU
		{98BDB16B-5F5A-4371-8684-A38AF0C8FB30}.Release|Any CPU.Build.0 = Release|Any CPU
		{E49D1B51-6EDD-47A5-A377-C3EA7D0238BE}.Debug|Any CPU.ActiveCfg = Debug|Any CPU
		{E49D1B51-6EDD-47A5-A377-C3EA7D0238BE}.Debug|Any CPU.Build.0 = Debug|Any CPU
		{E49D1B51-6EDD-47A5-A377-C3EA7D0238BE}.Release|Any CPU.ActiveCfg = Release|Any CPU
		{E49D1B51-6EDD-47A5-A377-C3EA7D0238BE}.Release|Any CPU.Build.0 = Release|Any CPU
	EndGlobalSection
	GlobalSection(SolutionProperties) = preSolution
		HideSolutionNode = FALSE
	EndGlobalSection
	GlobalSection(ExtensibilityGlobals) = postSolution
		SolutionGuid = {A667E7BD-3818-488E-8A21-F6E0B84E496D}
	EndGlobalSection
EndGlobal
